
Microsoft Visual Studio Solution File, Format Version 12.00
# Visual Studio 15
VisualStudioVersion = 15.0.28307.271
MinimumVisualStudioVersion = 10.0.40219.1
Project("{FAE04EC0-301F-11D3-BF4B-00C04F79EFBC}") = "ValidateConfig", "ValidateConfig\ValidateConfig.csproj", "{AA0DC9FB-D9AA-49DB-B724-0FF97ADE50FE}"
EndProject
Global
	GlobalSection(SolutionConfigurationPlatforms) = preSolution
		Debug|Any CPU = Debug|Any CPU
		Release|Any CPU = Release|Any CPU
	EndGlobalSection
	GlobalSection(ProjectConfigurationPlatforms) = postSolution
		{AA0DC9FB-D9AA-49DB-B724-0FF97ADE50FE}.Debug|Any CPU.ActiveCfg = Debug|Any CPU
		{AA0DC9FB-D9AA-49DB-B724-0FF97ADE50FE}.Debug|Any CPU.Build.0 = Debug|Any CPU
		{AA0DC9FB-D9AA-49DB-B724-0FF97ADE50FE}.Release|Any CPU.ActiveCfg = Release|Any CPU
		{AA0DC9FB-D9AA-49DB-B724-0FF97ADE50FE}.Release|Any CPU.Build.0 = Release|Any CPU
	EndGlobalSection
	GlobalSection(SolutionProperties) = preSolution
		HideSolutionNode = FALSE
	EndGlobalSection
	GlobalSection(ExtensibilityGlobals) = postSolution
		SolutionGuid = {B26FA79C-5C08-456A-9DC9-7D25244E2F88}
	EndGlobalSection
EndGlobal
